
Microsoft Visual Studio Solution File, Format Version 12.00
# Visual Studio Version 16
VisualStudioVersion = 16.0.31005.135
MinimumVisualStudioVersion = 10.0.40219.1
Project("{F2A71F9B-5D33-465A-A702-920D77279786}") = "OIADLab1", "OIADLab1\OIADLab1.fsproj", "{9CF391F3-1013-43AD-B53D-5194EDF07021}"
EndProject
Global
	GlobalSection(SolutionConfigurationPlatforms) = preSolution
		Debug|Any CPU = Debug|Any CPU
		Release|Any CPU = Release|Any CPU
	EndGlobalSection
	GlobalSection(ProjectConfigurationPlatforms) = postSolution
		{9CF391F3-1013-43AD-B53D-5194EDF07021}.Debug|Any CPU.ActiveCfg = Debug|Any CPU
		{9CF391F3-1013-43AD-B53D-5194EDF07021}.Debug|Any CPU.Build.0 = Debug|Any CPU
		{9CF391F3-1013-43AD-B53D-5194EDF07021}.Release|Any CPU.ActiveCfg = Release|Any CPU
		{9CF391F3-1013-43AD-B53D-5194EDF07021}.Release|Any CPU.Build.0 = Release|Any CPU
	EndGlobalSection
	GlobalSection(SolutionProperties) = preSolution
		HideSolutionNode = FALSE
	EndGlobalSection
	GlobalSection(ExtensibilityGlobals) = postSolution
		SolutionGuid = {C921FE6A-7A62-4786-8187-C7C16CAA0AE9}
	EndGlobalSection
EndGlobal
